Microsoft Visual Studio Solution File, Format Version 12.00
# Visual Studio 2012
Project("{FAE04EC0-301F-11D3-BF4B-00C04F79EFBC}") = "GDNinjaFrog", "GDNinjaFrog.csproj", "{A66D0C14-DA46-4B52-8D2F-FA8096F3C775}"
EndProject
Global
	GlobalSection(SolutionConfigurationPlatforms) = preSolution
	Debug|Any CPU = Debug|Any CPU
	ExportDebug|Any CPU = ExportDebug|Any CPU
	ExportRelease|Any CPU = ExportRelease|Any CPU
	EndGlobalSection
	GlobalSection(ProjectConfigurationPlatforms) = postSolution
		{A66D0C14-DA46-4B52-8D2F-FA8096F3C775}.Debug|Any CPU.ActiveCfg = Debug|Any CPU
		{A66D0C14-DA46-4B52-8D2F-FA8096F3C775}.Debug|Any CPU.Build.0 = Debug|Any CPU
		{A66D0C14-DA46-4B52-8D2F-FA8096F3C775}.ExportDebug|Any CPU.ActiveCfg = ExportDebug|Any CPU
		{A66D0C14-DA46-4B52-8D2F-FA8096F3C775}.ExportDebug|Any CPU.Build.0 = ExportDebug|Any CPU
		{A66D0C14-DA46-4B52-8D2F-FA8096F3C775}.ExportRelease|Any CPU.ActiveCfg = ExportRelease|Any CPU
		{A66D0C14-DA46-4B52-8D2F-FA8096F3C775}.ExportRelease|Any CPU.Build.0 = ExportRelease|Any CPU
	EndGlobalSection
EndGlobal
